
Microsoft Visual Studio Solution File, Format Version 12.00
# Visual Studio Version 17
VisualStudioVersion = 17.11.35327.3
MinimumVisualStudioVersion = 10.0.40219.1
Project("{8BC9CEB8-8B4A-11D0-8D11-00A0C91BC942}") = "fsb.cc", "fsb.cc\fsb.cc.vcxproj", "{694D4B36-2E57-4B62-8DBB-AF8934966EAF}"
EndProject
Global
	GlobalSection(SolutionConfigurationPlatforms) = preSolution
		Debug|x64 = Debug|x64
		Debug|x86 = Debug|x86
		Release|x64 = Release|x64
		Release|x86 = Release|x86
	EndGlobalSection
	GlobalSection(ProjectConfigurationPlatforms) = postSolution
		{694D4B36-2E57-4B62-8DBB-AF8934966EAF}.Debug|x64.ActiveCfg = Debug|x64
		{694D4B36-2E57-4B62-8DBB-AF8934966EAF}.Debug|x64.Build.0 = Debug|x64
		{694D4B36-2E57-4B62-8DBB-AF8934966EAF}.Debug|x86.ActiveCfg = Debug|Win32
		{694D4B36-2E57-4B62-8DBB-AF8934966EAF}.Debug|x86.Build.0 = Debug|Win32
		{694D4B36-2E57-4B62-8DBB-AF8934966EAF}.Release|x64.ActiveCfg = Release|x64
		{694D4B36-2E57-4B62-8DBB-AF8934966EAF}.Release|x64.Build.0 = Release|x64
		{694D4B36-2E57-4B62-8DBB-AF8934966EAF}.Release|x86.ActiveCfg = Release|Win32
		{694D4B36-2E57-4B62-8DBB-AF8934966EAF}.Release|x86.Build.0 = Release|Win32
	EndGlobalSection
	GlobalSection(SolutionProperties) = preSolution
		HideSolutionNode = FALSE
	EndGlobalSection
	GlobalSection(ExtensibilityGlobals) = postSolution
		SolutionGuid = {86567B7C-9CA1-42AB-B3E5-8042FE1D0C2E}
	EndGlobalSection
EndGlobal
