<?xml version="1.0" encoding="utf-8"?>
<Project ToolsVersion="4.0" xmlns="http://schemas.microsoft.com/developer/msbuild/2003">
  <ItemGroup>
    <Filter Include="Source Files">
      <UniqueIdentifier>{4FC737F1-C7A5-4376-A066-2A32D752A2FF}</UniqueIdentifier>
      <Extensions>cpp;c;cc;cxx;c++;cppm;ixx;def;odl;idl;hpj;bat;asm;asmx</Extensions>
    </Filter>
    <Filter Include="serial">
      <UniqueIdentifier>{ed9022fc-7f93-4909-9008-ae0f20239c16}</UniqueIdentifier>
    </Filter>
    <Filter Include="serial\impl">
      <UniqueIdentifier>{37c9b94b-77a2-4b89-9d64-17fa936efe6d}</UniqueIdentifier>
    </Filter>
  </ItemGroup>
  <ItemGroup>
    <ClCompile Include="main.cpp">
      <Filter>Source Files</Filter>
    </ClCompile>
  </ItemGroup>
  <ItemGroup>
    <ClInclude Include="mouse.h">
      <Filter>Source Files</Filter>
    </ClInclude>
    <ClInclude Include="colorbot.h">
      <Filter>Source Files</Filter>
    </ClInclude>
    <ClInclude Include="capture.h">
      <Filter>Source Files</Filter>
    </ClInclude>
    <ClInclude Include="settings.h">
      <Filter>Source Files</Filter>
    </ClInclude>
    <ClInclude Include="serial\serial.h">
      <Filter>serial</Filter>
    </ClInclude>
    <ClInclude Include="serial\v8stdint.h">
      <Filter>serial</Filter>
    </ClInclude>
    <ClInclude Include="serial\impl\unix.h">
      <Filter>serial\impl</Filter>
    </ClInclude>
    <ClInclude Include="serial\impl\win.h">
      <Filter>serial\impl</Filter>
    </ClInclude>
  </ItemGroup>
  <ItemGroup>
    <None Include="packages.config" />
    <None Include="..\x64\Release\settings.cfg">
      <Filter>Source Files</Filter>
    </None>
    <None Include="settings.cfg">
      <Filter>Source Files</Filter>
    </None>
  </ItemGroup>
  <ItemGroup>
    <Library Include="..\..\..\..\..\..\dev\serial\visual_studio\x64\Release\serial.lib">
      <Filter>serial</Filter>
    </Library>
  </ItemGroup>
</Project>